
Microsoft Visual Studio Solution File, Format Version 12.00
# Visual Studio Version 16
VisualStudioVersion = 16.0.33027.164
MinimumVisualStudioVersion = 10.0.40219.1
Project("{9A19103F-16F7-4668-BE54-9A1E7A4F7556}") = "Stage0", "Stage0\Stage0.csproj", "{F07880AB-2A11-48E2-9349-FA0B59715204}"
EndProject
Project("{2150E333-8FDC-42A3-9474-1A3956D46DE8}") = "Solution Items", "Solution Items", "{8283621C-7BDA-4447-939A-7A5F4424F2FA}"
	ProjectSection(SolutionItems) = preProject
		README.md = README.md
		..\source\repos\dotNet5784_2929_3791\README.md = ..\source\repos\dotNet5784_2929_3791\README.md
	EndProjectSection
EndProject
Project("{9A19103F-16F7-4668-BE54-9A1E7A4F7556}") = "DalFacade", "DalFacade\DalFacade.csproj", "{34D75BD3-1435-4827-8315-3A889E3DCCE0}"
EndProject
Project("{9A19103F-16F7-4668-BE54-9A1E7A4F7556}") = "DalList", "DalList\DalList.csproj", "{ABAC5D8C-A6BB-4C73-AB29-27A6096151E2}"
EndProject
Project("{9A19103F-16F7-4668-BE54-9A1E7A4F7556}") = "DalTest", "DalTest\DalTest.csproj", "{59CFAB24-5A40-4A7B-B4C2-9D0857C42176}"
EndProject
Project("{9A19103F-16F7-4668-BE54-9A1E7A4F7556}") = "DalXml", "DalXml\DalXml.csproj", "{4E5BE9A1-542E-4188-A460-2BD1F950E678}"
EndProject
Project("{2150E333-8FDC-42A3-9474-1A3956D46DE8}") = "xml", "xml", "{C314E8BB-A808-43AD-878E-345BD62C7253}"
	ProjectSection(SolutionItems) = preProject
		xml\dal-config.xml = xml\dal-config.xml
		xml\data-config.xml = xml\data-config.xml
		xml\dependencies.xml = xml\dependencies.xml
		xml\tasks.xml = xml\tasks.xml
		xml\workers.xml = xml\workers.xml
	EndProjectSection
EndProject
Project("{9A19103F-16F7-4668-BE54-9A1E7A4F7556}") = "BL", "BL\BL.csproj", "{2EB97678-C89C-4C71-AB4A-D50CC2F3469E}"
EndProject
Project("{9A19103F-16F7-4668-BE54-9A1E7A4F7556}") = "BlTest", "BlTest\BlTest.csproj", "{072F244A-45BD-464E-B02D-A69C60A8E169}"
EndProject
Project("{9A19103F-16F7-4668-BE54-9A1E7A4F7556}") = "PL", "PL\PL.csproj", "{66C3F222-BA40-40FC-91C4-3DF39C864AB9}"
EndProject
Global
	GlobalSection(SolutionConfigurationPlatforms) = preSolution
		Debug|Any CPU = Debug|Any CPU
		Release|Any CPU = Release|Any CPU
	EndGlobalSection
	GlobalSection(ProjectConfigurationPlatforms) = postSolution
		{F07880AB-2A11-48E2-9349-FA0B59715204}.Debug|Any CPU.ActiveCfg = Debug|Any CPU
		{F07880AB-2A11-48E2-9349-FA0B59715204}.Debug|Any CPU.Build.0 = Debug|Any CPU
		{F07880AB-2A11-48E2-9349-FA0B59715204}.Release|Any CPU.ActiveCfg = Release|Any CPU
		{F07880AB-2A11-48E2-9349-FA0B59715204}.Release|Any CPU.Build.0 = Release|Any CPU
		{34D75BD3-1435-4827-8315-3A889E3DCCE0}.Debug|Any CPU.ActiveCfg = Debug|Any CPU
		{34D75BD3-1435-4827-8315-3A889E3DCCE0}.Debug|Any CPU.Build.0 = Debug|Any CPU
		{34D75BD3-1435-4827-8315-3A889E3DCCE0}.Release|Any CPU.ActiveCfg = Release|Any CPU
		{34D75BD3-1435-4827-8315-3A889E3DCCE0}.Release|Any CPU.Build.0 = Release|Any CPU
		{ABAC5D8C-A6BB-4C73-AB29-27A6096151E2}.Debug|Any CPU.ActiveCfg = Debug|Any CPU
		{ABAC5D8C-A6BB-4C73-AB29-27A6096151E2}.Debug|Any CPU.Build.0 = Debug|Any CPU
		{ABAC5D8C-A6BB-4C73-AB29-27A6096151E2}.Release|Any CPU.ActiveCfg = Release|Any CPU
		{ABAC5D8C-A6BB-4C73-AB29-27A6096151E2}.Release|Any CPU.Build.0 = Release|Any CPU
		{59CFAB24-5A40-4A7B-B4C2-9D0857C42176}.Debug|Any CPU.ActiveCfg = Debug|Any CPU
		{59CFAB24-5A40-4A7B-B4C2-9D0857C42176}.Debug|Any CPU.Build.0 = Debug|Any CPU
		{59CFAB24-5A40-4A7B-B4C2-9D0857C42176}.Release|Any CPU.ActiveCfg = Release|Any CPU
		{59CFAB24-5A40-4A7B-B4C2-9D0857C42176}.Release|Any CPU.Build.0 = Release|Any CPU
		{4E5BE9A1-542E-4188-A460-2BD1F950E678}.Debug|Any CPU.ActiveCfg = Debug|Any CPU
		{4E5BE9A1-542E-4188-A460-2BD1F950E678}.Debug|Any CPU.Build.0 = Debug|Any CPU
		{4E5BE9A1-542E-4188-A460-2BD1F950E678}.Release|Any CPU.ActiveCfg = Release|Any CPU
		{4E5BE9A1-542E-4188-A460-2BD1F950E678}.Release|Any CPU.Build.0 = Release|Any CPU
		{2EB97678-C89C-4C71-AB4A-D50CC2F3469E}.Debug|Any CPU.ActiveCfg = Debug|Any CPU
		{2EB97678-C89C-4C71-AB4A-D50CC2F3469E}.Debug|Any CPU.Build.0 = Debug|Any CPU
		{2EB97678-C89C-4C71-AB4A-D50CC2F3469E}.Release|Any CPU.ActiveCfg = Release|Any CPU
		{2EB97678-C89C-4C71-AB4A-D50CC2F3469E}.Release|Any CPU.Build.0 = Release|Any CPU
		{072F244A-45BD-464E-B02D-A69C60A8E169}.Debug|Any CPU.ActiveCfg = Debug|Any CPU
		{072F244A-45BD-464E-B02D-A69C60A8E169}.Debug|Any CPU.Build.0 = Debug|Any CPU
		{072F244A-45BD-464E-B02D-A69C60A8E169}.Release|Any CPU.ActiveCfg = Release|Any CPU
		{072F244A-45BD-464E-B02D-A69C60A8E169}.Release|Any CPU.Build.0 = Release|Any CPU
		{66C3F222-BA40-40FC-91C4-3DF39C864AB9}.Debug|Any CPU.ActiveCfg = Debug|Any CPU
		{66C3F222-BA40-40FC-91C4-3DF39C864AB9}.Debug|Any CPU.Build.0 = Debug|Any CPU
		{66C3F222-BA40-40FC-91C4-3DF39C864AB9}.Release|Any CPU.ActiveCfg = Release|Any CPU
		{66C3F222-BA40-40FC-91C4-3DF39C864AB9}.Release|Any CPU.Build.0 = Release|Any CPU
	EndGlobalSection
	GlobalSection(SolutionProperties) = preSolution
		HideSolutionNode = FALSE
	EndGlobalSection
	GlobalSection(NestedProjects) = preSolution
		{C314E8BB-A808-43AD-878E-345BD62C7253} = {8283621C-7BDA-4447-939A-7A5F4424F2FA}
	EndGlobalSection
	GlobalSection(ExtensibilityGlobals) = postSolution
		SolutionGuid = {DB1C7792-AE72-4764-A0CC-C7F02B920A3A}
	EndGlobalSection
EndGlobal
